lockfileVersion: 5.4

specifiers:
  dotenv: ^16.0.3
  node-cron: ^3.0.2
  playwright: ^1.28.0

dependencies:
  dotenv: 16.0.3
  node-cron: 3.0.2
  playwright: 1.28.0

packages:

  /dotenv/16.0.3:
    resolution: {integrity: sha512-7GO6HghkA5fYG9TYnNxi14/7K9f5occMlp3zXAuSxn7CKCxt9xbNWG7yF8hTCSUchlfWSe3uLmlPfigevRItzQ==}
    engines: {node: '>=12'}
    dev: false

  /node-cron/3.0.2:
    resolution: {integrity: sha512-iP8l0yGlNpE0e6q1o185yOApANRe47UPbLf4YxfbiNHt/RU5eBcGB/e0oudruheSf+LQeDMezqC5BVAb5wwRcQ==}
    engines: {node: '>=6.0.0'}
    dependencies:
      uuid: 8.3.2
    dev: false

  /playwright-core/1.28.0:
    resolution: {integrity: sha512-nJLknd28kPBiCNTbqpu6Wmkrh63OEqJSFw9xOfL9qxfNwody7h6/L3O2dZoWQ6Oxcm0VOHjWmGiCUGkc0X3VZA==}
    engines: {node: '>=14'}
    hasBin: true
    dev: false

  /playwright/1.28.0:
    resolution: {integrity: sha512-kyOXGc5y1mgi+hgEcCIyE1P1+JumLrxS09nFHo5sdJNzrucxPRAGwM4A2X3u3SDOfdgJqx61yIoR6Av+5plJPg==}
    engines: {node: '>=14'}
    hasBin: true
    requiresBuild: true
    dependencies:
      playwright-core: 1.28.0
    dev: false

  /uuid/8.3.2:
    resolution: {integrity: sha512-+NYs2QeMWy+GWFOEm9xnn6HCDp0l7QBD7ml8zLUmJ+93Q5NF0NocErnwkTkXVFNiX3/fpC6afS8Dhb/gz7R7eg==}
    hasBin: true
    dev: false
